# This file was autogenerated by Stack.
# You should not edit this file by hand.
# For more information, please see the documentation at:
#   https://docs.haskellstack.org/en/stable/lock_files

packages:
- completed:
    hackage: persistent-migration-0.3.0@sha256:1b28e22c2eeff694eed6835299b3a80104772d5d2262e6dbfa5c47d9e7594f59,3433
    pantry-tree:
      sha256: dca2b30b726ac3ee8e5a556fe78f50c1714d3d8bf9c02b66f645de60b221f3b9
      size: 1619
  original:
    hackage: persistent-migration-0.3.0
- completed:
    hackage: validation-1.1.3@sha256:3fdc553ee28ec1c954e5658cf0476b4c0b0fcff408c79343a2e580953dd2b952,3699
    pantry-tree:
      sha256: ac30e134d7b6737a935853b5a52658321dfff2126fba500483c92812d721ab5a
      size: 343
  original:
    hackage: validation-1.1.3
- completed:
    commit: 4e6b3aac8f5af3306261ef2782f7df990e96f429
    git: https://github.com/DarkKirb/microformats2-parser
    name: microformats2-parser
    pantry-tree:
      sha256: 2e6494234e54b0239cab56cbe3b9deea20bdf9d0891610107e225595ca61d773
      size: 1768
    version: 1.0.2.2
  original:
    commit: 4e6b3aac8f5af3306261ef2782f7df990e96f429
    git: https://github.com/DarkKirb/microformats2-parser
- completed:
    hackage: shower-0.2.0.3@sha256:13923e58e2eeeaf5762a119050dd1f5ffbb499b41dfecc06c24ec2b320fc9ef9,1387
    pantry-tree:
      sha256: edcffedaa105a1f9b35ad3222f4d6cf52b3698ac79f1ac2044c75d126ae8505e
      size: 2034
  original:
    hackage: shower-0.2.0.3@sha256:13923e58e2eeeaf5762a119050dd1f5ffbb499b41dfecc06c24ec2b320fc9ef9,1387
- completed:
    hackage: webauthn-0.10.0.0@sha256:4fa08b264cd3d7ad6b0535bf6da2fa4eb06758bc14b2a10a7c244a81902d90e8,6414
    pantry-tree:
      sha256: 55c2df75e8f3f42198b5e8c689e4522685c2b6635ca8705837b578772f546902
      size: 10862
  original:
    hackage: webauthn-0.10.0.0@sha256:4fa08b264cd3d7ad6b0535bf6da2fa4eb06758bc14b2a10a7c244a81902d90e8,6414
snapshots:
- completed:
    sha256: c6274f9587d6bf40b6aaa7d1092684c37a2d8bb1e0df999ae0e2b755db15682d
    size: 720026
    url: https://raw.githubusercontent.com/commercialhaskell/stackage-snapshots/master/lts/22/37.yaml
  original:
    url: https://raw.githubusercontent.com/commercialhaskell/stackage-snapshots/master/lts/22/37.yaml
