# This file was autogenerated by Stack.
# You should not edit this file by hand.
# For more information, please see the documentation at:
#   https://docs.haskellstack.org/en/stable/lock_files

packages:
- completed:
    hackage: persistent-migration-0.3.0@sha256:1b28e22c2eeff694eed6835299b3a80104772d5d2262e6dbfa5c47d9e7594f59,3433
    pantry-tree:
      sha256: dca2b30b726ac3ee8e5a556fe78f50c1714d3d8bf9c02b66f645de60b221f3b9
      size: 1619
  original:
    hackage: persistent-migration-0.3.0
- completed:
    hackage: webauthn-0.7.0.0@sha256:706dfe132c3227aa1c46dba1ab93ab0fd7d7b93d8282b03aa11f2dee3819e24c,6331
    pantry-tree:
      sha256: 5237d5c8f7eb4259c84d852f741e550473c4d432b0fe7790a81d9d1ef87546a8
      size: 10859
  original:
    hackage: webauthn-0.7.0.0
- completed:
    hackage: validation-1.1.3@sha256:3fdc553ee28ec1c954e5658cf0476b4c0b0fcff408c79343a2e580953dd2b952,3699
    pantry-tree:
      sha256: ac30e134d7b6737a935853b5a52658321dfff2126fba500483c92812d721ab5a
      size: 343
  original:
    hackage: validation-1.1.3
- completed:
    commit: 4e6b3aac8f5af3306261ef2782f7df990e96f429
    git: https://github.com/DarkKirb/microformats2-parser
    name: microformats2-parser
    pantry-tree:
      sha256: 2e6494234e54b0239cab56cbe3b9deea20bdf9d0891610107e225595ca61d773
      size: 1768
    version: 1.0.2.2
  original:
    commit: 4e6b3aac8f5af3306261ef2782f7df990e96f429
    git: https://github.com/DarkKirb/microformats2-parser
snapshots:
- completed:
    sha256: 85d2382958c178491d3fe50d770a624621f5ab456beef7d31ac7521f780c9bc7
    size: 640042
    url: https://raw.githubusercontent.com/commercialhaskell/stackage-snapshots/master/lts/21/17.yaml
  original:
    url: https://raw.githubusercontent.com/commercialhaskell/stackage-snapshots/master/lts/21/17.yaml
